// !$*UTF8*$!
{
	archiveVersion = 1;
	classes = {
	};
	objectVersion = 55;
	objects = {

/* Begin PBXBuildFile section */
		7C366DB428D6FFE100893D04 /* CryptocurrencyAppApp.swift in Sources */ = {isa = PBXBuildFile; fileRef = 7C366DB328D6FFE100893D04 /* CryptocurrencyAppApp.swift */; };
		7C366DB628D6FFE100893D04 /* ContentView.swift in Sources */ = {isa = PBXBuildFile; fileRef = 7C366DB528D6FFE100893D04 /* ContentView.swift */; };
		7C366DB828D6FFE600893D04 /* Assets.xcassets in Resources */ = {isa = PBXBuildFile; fileRef = 7C366DB728D6FFE600893D04 /* Assets.xcassets */; };
		7C366DBB28D6FFE600893D04 /* Preview Assets.xcassets in Resources */ = {isa = PBXBuildFile; fileRef = 7C366DBA28D6FFE600893D04 /* Preview Assets.xcassets */; };
		7C366DCC28D7014E00893D04 /* HomeView.swift in Sources */ = {isa = PBXBuildFile; fileRef = 7C366DCB28D7014E00893D04 /* HomeView.swift */; };
		7C366DCF28D7025D00893D04 /* TopMoviersView.swift in Sources */ = {isa = PBXBuildFile; fileRef = 7C366DCE28D7025D00893D04 /* TopMoviersView.swift */; };
		7C366DD328D7028500893D04 /* TopMoversItemView.swift in Sources */ = {isa = PBXBuildFile; fileRef = 7C366DD228D7028500893D04 /* TopMoversItemView.swift */; };
		7C67DD3A28D7560700C2E83C /* View.swift in Sources */ = {isa = PBXBuildFile; fileRef = 7C67DD3928D7560700C2E83C /* View.swift */; };
		7C67DD3F28D8B95900C2E83C /* CoinDetailsView.swift in Sources */ = {isa = PBXBuildFile; fileRef = 7C67DD3E28D8B95900C2E83C /* CoinDetailsView.swift */; };
		7C67DD4228D8BAFD00C2E83C /* Color.swift in Sources */ = {isa = PBXBuildFile; fileRef = 7C67DD4128D8BAFD00C2E83C /* Color.swift */; };
		7C67DD4428D8BD2F00C2E83C /* CoinDetailsSection.swift in Sources */ = {isa = PBXBuildFile; fileRef = 7C67DD4328D8BD2F00C2E83C /* CoinDetailsSection.swift */; };
		7C67DD4628D8BDB800C2E83C /* StatisticView.swift in Sources */ = {isa = PBXBuildFile; fileRef = 7C67DD4528D8BDB800C2E83C /* StatisticView.swift */; };
		7C85C20C28D7085F00640FA4 /* AllCoinsView.swift in Sources */ = {isa = PBXBuildFile; fileRef = 7C85C20B28D7085F00640FA4 /* AllCoinsView.swift */; };
		7C85C20E28D7086D00640FA4 /* CoinRowView.swift in Sources */ = {isa = PBXBuildFile; fileRef = 7C85C20D28D7086D00640FA4 /* CoinRowView.swift */; };
		7C85C21128D71AD500640FA4 /* HomeViewModel.swift in Sources */ = {isa = PBXBuildFile; fileRef = 7C85C21028D71AD500640FA4 /* HomeViewModel.swift */; };
		7C85C21428D7344700640FA4 /* Coin.swift in Sources */ = {isa = PBXBuildFile; fileRef = 7C85C21328D7344700640FA4 /* Coin.swift */; };
		7C85C21728D742FC00640FA4 /* Kingfisher in Frameworks */ = {isa = PBXBuildFile; productRef = 7C85C21628D742FC00640FA4 /* Kingfisher */; };
		7C85C21928D751E800640FA4 /* Double.swift in Sources */ = {isa = PBXBuildFile; fileRef = 7C85C21828D751E800640FA4 /* Double.swift */; };
/* End PBXBuildFile section */

/* Begin PBXFileReference section */
		7C366DB028D6FFE100893D04 /* CryptocurrencyApp.app */ = {isa = PBXFileReference; explicitFileType = wrapper.application; includeInIndex = 0; path = CryptocurrencyApp.app; sourceTree = BUILT_PRODUCTS_DIR; };
		7C366DB328D6FFE100893D04 /* CryptocurrencyAppApp.swift */ = {isa = PBXFileReference; lastKnownFileType = sourcecode.swift; path = CryptocurrencyAppApp.swift; sourceTree = "<group>"; };
		7C366DB528D6FFE100893D04 /* ContentView.swift */ = {isa = PBXFileReference; lastKnownFileType = sourcecode.swift; path = ContentView.swift; sourceTree = "<group>"; };
		7C366DB728D6FFE600893D04 /* Assets.xcassets */ = {isa = PBXFileReference; lastKnownFileType = folder.assetcatalog; path = Assets.xcassets; sourceTree = "<group>"; };
		7C366DBA28D6FFE600893D04 /* Preview Assets.xcassets */ = {isa = PBXFileReference; lastKnownFileType = folder.assetcatalog; path = "Preview Assets.xcassets"; sourceTree = "<group>"; };
		7C366DCB28D7014E00893D04 /* HomeView.swift */ = {isa = PBXFileReference; lastKnownFileType = sourcecode.swift; path = HomeView.swift; sourceTree = "<group>"; };
		7C366DCE28D7025D00893D04 /* TopMoviersView.swift */ = {isa = PBXFileReference; lastKnownFileType = sourcecode.swift; path = TopMoviersView.swift; sourceTree = "<group>"; };
		7C366DD228D7028500893D04 /* TopMoversItemView.swift */ = {isa = PBXFileReference; lastKnownFileType = sourcecode.swift; path = TopMoversItemView.swift; sourceTree = "<group>"; };
		7C67DD3928D7560700C2E83C /* View.swift */ = {isa = PBXFileReference; lastKnownFileType = sourcecode.swift; path = View.swift; sourceTree = "<group>"; };
		7C67DD3E28D8B95900C2E83C /* CoinDetailsView.swift */ = {isa = PBXFileReference; lastKnownFileType = sourcecode.swift; path = CoinDetailsView.swift; sourceTree = "<group>"; };
		7C67DD4128D8BAFD00C2E83C /* Color.swift */ = {isa = PBXFileReference; lastKnownFileType = sourcecode.swift; path = Color.swift; sourceTree = "<group>"; };
		7C67DD4328D8BD2F00C2E83C /* CoinDetailsSection.swift */ = {isa = PBXFileReference; lastKnownFileType = sourcecode.swift; path = CoinDetailsSection.swift; sourceTree = "<group>"; };
		7C67DD4528D8BDB800C2E83C /* StatisticView.swift */ = {isa = PBXFileReference; lastKnownFileType = sourcecode.swift; path = StatisticView.swift; sourceTree = "<group>"; };
		7C85C20B28D7085F00640FA4 /* AllCoinsView.swift */ = {isa = PBXFileReference; lastKnownFileType = sourcecode.swift; path = AllCoinsView.swift; sourceTree = "<group>"; };
		7C85C20D28D7086D00640FA4 /* CoinRowView.swift */ = {isa = PBXFileReference; lastKnownFileType = sourcecode.swift; path = CoinRowView.swift; sourceTree = "<group>"; };
		7C85C21028D71AD500640FA4 /* HomeViewModel.swift */ = {isa = PBXFileReference; lastKnownFileType = sourcecode.swift; path = HomeViewModel.swift; sourceTree = "<group>"; };
		7C85C21328D7344700640FA4 /* Coin.swift */ = {isa = PBXFileReference; lastKnownFileType = sourcecode.swift; path = Coin.swift; sourceTree = "<group>"; };
		7C85C21828D751E800640FA4 /* Double.swift */ = {isa = PBXFileReference; lastKnownFileType = sourcecode.swift; path = Double.swift; sourceTree = "<group>"; };
/* End PBXFileReference section */

/* Begin PBXFrameworksBuildPhase section */
		7C366DAD28D6FFE100893D04 /* Frameworks */ = {
			isa = PBXFrameworksBuildPhase;
			buildActionMask = 2147483647;
			files = (
				7C85C21728D742FC00640FA4 /* Kingfisher in Frameworks */,
			);
			runOnlyForDeploymentPostprocessing = 0;
		};
/* End PBXFrameworksBuildPhase section */

/* Begin PBXGroup section */
		7C366DA728D6FFE100893D04 = {
			isa = PBXGroup;
			children = (
				7C366DB228D6FFE100893D04 /* CryptocurrencyApp */,
				7C366DB128D6FFE100893D04 /* Products */,
			);
			sourceTree = "<group>";
		};
		7C366DB128D6FFE100893D04 /* Products */ = {
			isa = PBXGroup;
			children = (
				7C366DB028D6FFE100893D04 /* CryptocurrencyApp.app */,
			);
			name = Products;
			sourceTree = "<group>";
		};
		7C366DB228D6FFE100893D04 /* CryptocurrencyApp */ = {
			isa = PBXGroup;
			children = (
				7C366DC528D7007700893D04 /* Utils */,
				7C366DC428D7007600893D04 /* Extensions */,
				7C366DC328D7007500893D04 /* Models */,
				7C366DC228D7007200893D04 /* Core */,
				7C366DC128D7006D00893D04 /* App */,
				7C366DB528D6FFE100893D04 /* ContentView.swift */,
				7C366DB728D6FFE600893D04 /* Assets.xcassets */,
				7C366DB928D6FFE600893D04 /* Preview Content */,
			);
			path = CryptocurrencyApp;
			sourceTree = "<group>";
		};
		7C366DB928D6FFE600893D04 /* Preview Content */ = {
			isa = PBXGroup;
			children = (
				7C366DBA28D6FFE600893D04 /* Preview Assets.xcassets */,
			);
			path = "Preview Content";
			sourceTree = "<group>";
		};
		7C366DC128D7006D00893D04 /* App */ = {
			isa = PBXGroup;
			children = (
				7C366DB328D6FFE100893D04 /* CryptocurrencyAppApp.swift */,
			);
			path = App;
			sourceTree = "<group>";
		};
		7C366DC228D7007200893D04 /* Core */ = {
			isa = PBXGroup;
			children = (
				7C67DD3B28D8B90000C2E83C /* CoinDetails */,
				7C366DC628D700A400893D04 /* Home */,
			);
			path = Core;
			sourceTree = "<group>";
		};
		7C366DC328D7007500893D04 /* Models */ = {
			isa = PBXGroup;
			children = (
				7C85C21328D7344700640FA4 /* Coin.swift */,
			);
			path = Models;
			sourceTree = "<group>";
		};
		7C366DC428D7007600893D04 /* Extensions */ = {
			isa = PBXGroup;
			children = (
				7C85C21828D751E800640FA4 /* Double.swift */,
				7C67DD3928D7560700C2E83C /* View.swift */,
				7C67DD4128D8BAFD00C2E83C /* Color.swift */,
			);
			path = Extensions;
			sourceTree = "<group>";
		};
		7C366DC528D7007700893D04 /* Utils */ = {
			isa = PBXGroup;
			children = (
			);
			path = Utils;
			sourceTree = "<group>";
		};
		7C366DC628D700A400893D04 /* Home */ = {
			isa = PBXGroup;
			children = (
				7C366DC828D700F400893D04 /* ViewModels */,
				7C366DC728D700EE00893D04 /* Views */,
			);
			path = Home;
			sourceTree = "<group>";
		};
		7C366DC728D700EE00893D04 /* Views */ = {
			isa = PBXGroup;
			children = (
				7C366DCB28D7014E00893D04 /* HomeView.swift */,
				7C366DCE28D7025D00893D04 /* TopMoviersView.swift */,
				7C366DD228D7028500893D04 /* TopMoversItemView.swift */,
				7C85C20B28D7085F00640FA4 /* AllCoinsView.swift */,
				7C85C20D28D7086D00640FA4 /* CoinRowView.swift */,
			);
			path = Views;
			sourceTree = "<group>";
		};
		7C366DC828D700F400893D04 /* ViewModels */ = {
			isa = PBXGroup;
			children = (
				7C85C21028D71AD500640FA4 /* HomeViewModel.swift */,
			);
			path = ViewModels;
			sourceTree = "<group>";
		};
		7C67DD3B28D8B90000C2E83C /* CoinDetails */ = {
			isa = PBXGroup;
			children = (
				7C67DD3D28D8B91900C2E83C /* ViewModels */,
				7C67DD3C28D8B91100C2E83C /* Views */,
			);
			path = CoinDetails;
			sourceTree = "<group>";
		};
		7C67DD3C28D8B91100C2E83C /* Views */ = {
			isa = PBXGroup;
			children = (
				7C67DD3E28D8B95900C2E83C /* CoinDetailsView.swift */,
				7C67DD4328D8BD2F00C2E83C /* CoinDetailsSection.swift */,
				7C67DD4528D8BDB800C2E83C /* StatisticView.swift */,
			);
			path = Views;
			sourceTree = "<group>";
		};
		7C67DD3D28D8B91900C2E83C /* ViewModels */ = {
			isa = PBXGroup;
			children = (
			);
			path = ViewModels;
			sourceTree = "<group>";
		};
/* End PBXGroup section */

/* Begin PBXNativeTarget section */
		7C366DAF28D6FFE100893D04 /* CryptocurrencyApp */ = {
			isa = PBXNativeTarget;
			buildConfigurationList = 7C366DBE28D6FFE600893D04 /* Build configuration list for PBXNativeTarget "CryptocurrencyApp" */;
			buildPhases = (
				7C366DAC28D6FFE100893D04 /* Sources */,
				7C366DAD28D6FFE100893D04 /* Frameworks */,
				7C366DAE28D6FFE100893D04 /* Resources */,
			);
			buildRules = (
			);
			dependencies = (
			);
			name = CryptocurrencyApp;
			packageProductDependencies = (
				7C85C21628D742FC00640FA4 /* Kingfisher */,
			);
			productName = CryptocurrencyApp;
			productReference = 7C366DB028D6FFE100893D04 /* CryptocurrencyApp.app */;
			productType = "com.apple.product-type.application";
		};
/* End PBXNativeTarget section */

/* Begin PBXProject section */
		7C366DA828D6FFE100893D04 /* Project object */ = {
			isa = PBXProject;
			attributes = {
				BuildIndependentTargetsInParallel = 1;
				LastSwiftUpdateCheck = 1340;
				LastUpgradeCheck = 1340;
				TargetAttributes = {
					7C366DAF28D6FFE100893D04 = {
						CreatedOnToolsVersion = 13.4.1;
					};
				};
			};
			buildConfigurationList = 7C366DAB28D6FFE100893D04 /* Build configuration list for PBXProject "CryptocurrencyApp" */;
			compatibilityVersion = "Xcode 13.0";
			developmentRegion = en;
			hasScannedForEncodings = 0;
			knownRegions = (
				en,
				Base,
			);
			mainGroup = 7C366DA728D6FFE100893D04;
			packageReferences = (
				7C85C21528D742FC00640FA4 /* XCRemoteSwiftPackageReference "Kingfisher" */,
			);
			productRefGroup = 7C366DB128D6FFE100893D04 /* Products */;
			projectDirPath = "";
			projectRoot = "";
			targets = (
				7C366DAF28D6FFE100893D04 /* CryptocurrencyApp */,
			);
		};
/* End PBXProject section */

/* Begin PBXResourcesBuildPhase section */
		7C366DAE28D6FFE100893D04 /* Resources */ = {
			isa = PBXResourcesBuildPhase;
			buildActionMask = 2147483647;
			files = (
				7C366DBB28D6FFE600893D04 /* Preview Assets.xcassets in Resources */,
				7C366DB828D6FFE600893D04 /* Assets.xcassets in Resources */,
			);
			runOnlyForDeploymentPostprocessing = 0;
		};
/* End PBXResourcesBuildPhase section */

/* Begin PBXSourcesBuildPhase section */
		7C366DAC28D6FFE100893D04 /* Sources */ = {
			isa = PBXSourcesBuildPhase;
			buildActionMask = 2147483647;
			files = (
				7C85C21428D7344700640FA4 /* Coin.swift in Sources */,
				7C67DD4628D8BDB800C2E83C /* StatisticView.swift in Sources */,
				7C366DCC28D7014E00893D04 /* HomeView.swift in Sources */,
				7C85C20C28D7085F00640FA4 /* AllCoinsView.swift in Sources */,
				7C366DB628D6FFE100893D04 /* ContentView.swift in Sources */,
				7C67DD4228D8BAFD00C2E83C /* Color.swift in Sources */,
				7C85C21128D71AD500640FA4 /* HomeViewModel.swift in Sources */,
				7C366DCF28D7025D00893D04 /* TopMoviersView.swift in Sources */,
				7C67DD4428D8BD2F00C2E83C /* CoinDetailsSection.swift in Sources */,
				7C366DB428D6FFE100893D04 /* CryptocurrencyAppApp.swift in Sources */,
				7C85C20E28D7086D00640FA4 /* CoinRowView.swift in Sources */,
				7C85C21928D751E800640FA4 /* Double.swift in Sources */,
				7C67DD3A28D7560700C2E83C /* View.swift in Sources */,
				7C67DD3F28D8B95900C2E83C /* CoinDetailsView.swift in Sources */,
				7C366DD328D7028500893D04 /* TopMoversItemView.swift in Sources */,
			);
			runOnlyForDeploymentPostprocessing = 0;
		};
/* End PBXSourcesBuildPhase section */

/* Begin XCBuildConfiguration section */
		7C366DBC28D6FFE600893D04 /* Debug */ = {
			isa = XCBuildConfiguration;
			buildSettings = {
				ALWAYS_SEARCH_USER_PATHS = NO;
				CLANG_ANALYZER_NONNULL = YES;
				CLANG_ANALYZER_NUMBER_OBJECT_CONVERSION = YES_AGGRESSIVE;
				CLANG_CXX_LANGUAGE_STANDARD = "gnu++17";
				CLANG_ENABLE_MODULES = YES;
				CLANG_ENABLE_OBJC_ARC = YES;
				CLANG_ENABLE_OBJC_WEAK = YES;
				CLANG_WARN_BLOCK_CAPTURE_AUTORELEASING = YES;
				CLANG_WARN_BOOL_CONVERSION = YES;
				CLANG_WARN_COMMA = YES;
				CLANG_WARN_CONSTANT_CONVERSION = YES;
				CLANG_WARN_DEPRECATED_OBJC_IMPLEMENTATIONS = YES;
				CLANG_WARN_DIRECT_OBJC_ISA_USAGE = YES_ERROR;
				CLANG_WARN_DOCUMENTATION_COMMENTS = YES;
				CLANG_WARN_EMPTY_BODY = YES;
				CLANG_WARN_ENUM_CONVERSION = YES;
				CLANG_WARN_INFINITE_RECURSION = YES;
				CLANG_WARN_INT_CONVERSION = YES;
				CLANG_WARN_NON_LITERAL_NULL_CONVERSION = YES;
				CLANG_WARN_OBJC_IMPLICIT_RETAIN_SELF = YES;
				CLANG_WARN_OBJC_LITERAL_CONVERSION = YES;
				CLANG_WARN_OBJC_ROOT_CLASS = YES_ERROR;
				CLANG_WARN_QUOTED_INCLUDE_IN_FRAMEWORK_HEADER = YES;
				CLANG_WARN_RANGE_LOOP_ANALYSIS = YES;
				CLANG_WARN_STRICT_PROTOTYPES = YES;
				CLANG_WARN_SUSPICIOUS_MOVE = YES;
				CLANG_WARN_UNGUARDED_AVAILABILITY = YES_AGGRESSIVE;
				CLANG_WARN_UNREACHABLE_CODE = YES;
				CLANG_WARN__DUPLICATE_METHOD_MATCH = YES;
				COPY_PHASE_STRIP = NO;
				DEBUG_INFORMATION_FORMAT = dwarf;
				ENABLE_STRICT_OBJC_MSGSEND = YES;
				ENABLE_TESTABILITY = YES;
				GCC_C_LANGUAGE_STANDARD = gnu11;
				GCC_DYNAMIC_NO_PIC = NO;
				GCC_NO_COMMON_BLOCKS = YES;
				GCC_OPTIMIZATION_LEVEL = 0;
				GCC_PREPROCESSOR_DEFINITIONS = (
					"DEBUG=1",
					"$(inherited)",
				);
				GCC_WARN_64_TO_32_BIT_CONVERSION = YES;
				GCC_WARN_ABOUT_RETURN_TYPE = YES_ERROR;
				GCC_WARN_UNDECLARED_SELECTOR = YES;
				GCC_WARN_UNINITIALIZED_AUTOS = YES_AGGRESSIVE;
				GCC_WARN_UNUSED_FUNCTION = YES;
				GCC_WARN_UNUSED_VARIABLE = YES;
				IPHONEOS_DEPLOYMENT_TARGET = 15.5;
				MTL_ENABLE_DEBUG_INFO = INCLUDE_SOURCE;
				MTL_FAST_MATH = YES;
				ONLY_ACTIVE_ARCH = YES;
				SDKROOT = iphoneos;
				SWIFT_ACTIVE_COMPILATION_CONDITIONS = DEBUG;
				SWIFT_OPTIMIZATION_LEVEL = "-Onone";
			};
			name = Debug;
		};
		7C366DBD28D6FFE600893D04 /* Release */ = {
			isa = XCBuildConfiguration;
			buildSettings = {
				ALWAYS_SEARCH_USER_PATHS = NO;
				CLANG_ANALYZER_NONNULL = YES;
				CLANG_ANALYZER_NUMBER_OBJECT_CONVERSION = YES_AGGRESSIVE;
				CLANG_CXX_LANGUAGE_STANDARD = "gnu++17";
				CLANG_ENABLE_MODULES = YES;
				CLANG_ENABLE_OBJC_ARC = YES;
				CLANG_ENABLE_OBJC_WEAK = YES;
				CLANG_WARN_BLOCK_CAPTURE_AUTORELEASING = YES;
				CLANG_WARN_BOOL_CONVERSION = YES;
				CLANG_WARN_COMMA = YES;
				CLANG_WARN_CONSTANT_CONVERSION = YES;
				CLANG_WARN_DEPRECATED_OBJC_IMPLEMENTATIONS = YES;
				CLANG_WARN_DIRECT_OBJC_ISA_USAGE = YES_ERROR;
				CLANG_WARN_DOCUMENTATION_COMMENTS = YES;
				CLANG_WARN_EMPTY_BODY = YES;
				CLANG_WARN_ENUM_CONVERSION = YES;
				CLANG_WARN_INFINITE_RECURSION = YES;
				CLANG_WARN_INT_CONVERSION = YES;
				CLANG_WARN_NON_LITERAL_NULL_CONVERSION = YES;
				CLANG_WARN_OBJC_IMPLICIT_RETAIN_SELF = YES;
				CLANG_WARN_OBJC_LITERAL_CONVERSION = YES;
				CLANG_WARN_OBJC_ROOT_CLASS = YES_ERROR;
				CLANG_WARN_QUOTED_INCLUDE_IN_FRAMEWORK_HEADER = YES;
				CLANG_WARN_RANGE_LOOP_ANALYSIS = YES;
				CLANG_WARN_STRICT_PROTOTYPES = YES;
				CLANG_WARN_SUSPICIOUS_MOVE = YES;
				CLANG_WARN_UNGUARDED_AVAILABILITY = YES_AGGRESSIVE;
				CLANG_WARN_UNREACHABLE_CODE = YES;
				CLANG_WARN__DUPLICATE_METHOD_MATCH = YES;
				COPY_PHASE_STRIP = NO;
				DEBUG_INFORMATION_FORMAT = "dwarf-with-dsym";
				ENABLE_NS_ASSERTIONS = NO;
				ENABLE_STRICT_OBJC_MSGSEND = YES;
				GCC_C_LANGUAGE_STANDARD = gnu11;
				GCC_NO_COMMON_BLOCKS = YES;
				GCC_WARN_64_TO_32_BIT_CONVERSION = YES;
				GCC_WARN_ABOUT_RETURN_TYPE = YES_ERROR;
				GCC_WARN_UNDECLARED_SELECTOR = YES;
				GCC_WARN_UNINITIALIZED_AUTOS = YES_AGGRESSIVE;
				GCC_WARN_UNUSED_FUNCTION = YES;
				GCC_WARN_UNUSED_VARIABLE = YES;
				IPHONEOS_DEPLOYMENT_TARGET = 15.5;
				MTL_ENABLE_DEBUG_INFO = NO;
				MTL_FAST_MATH = YES;
				SDKROOT = iphoneos;
				SWIFT_COMPILATION_MODE = wholemodule;
				SWIFT_OPTIMIZATION_LEVEL = "-O";
				VALIDATE_PRODUCT = YES;
			};
			name = Release;
		};
		7C366DBF28D6FFE600893D04 /* Debug */ = {
			isa = XCBuildConfiguration;
			buildSettings = {
				ASSETCATALOG_COMPILER_APPICON_NAME = AppIcon;
				ASSETCATALOG_COMPILER_GLOBAL_ACCENT_COLOR_NAME = AccentColor;
				CODE_SIGN_STYLE = Automatic;
				CURRENT_PROJECT_VERSION = 1;
				DEVELOPMENT_ASSET_PATHS = "\"CryptocurrencyApp/Preview Content\"";
				DEVELOPMENT_TEAM = J7WKHSZ8C5;
				ENABLE_PREVIEWS = YES;
				GENERATE_INFOPLIST_FILE = YES;
				INFOPLIST_KEY_UIApplicationSceneManifest_Generation = YES;
				INFOPLIST_KEY_UIApplicationSupportsIndirectInputEvents = YES;
				INFOPLIST_KEY_UILaunchScreen_Generation = YES;
				INFOPLIST_KEY_UISupportedInterfaceOrientations_iPad = "UIInterfaceOrientationPortrait UIInterfaceOrientationPortraitUpsideDown UIInterfaceOrientationLandscapeLeft UIInterfaceOrientationLandscapeRight";
				INFOPLIST_KEY_UISupportedInterfaceOrientations_iPhone = "UIInterfaceOrientationPortrait UIInterfaceOrientationLandscapeLeft UIInterfaceOrientationLandscapeRight";
				LD_RUNPATH_SEARCH_PATHS = (
					"$(inherited)",
					"@executable_path/Frameworks",
				);
				MARKETING_VERSION = 1.0;
				PRODUCT_BUNDLE_IDENTIFIER = ronan.mak.CryptocurrencyApp;
				PRODUCT_NAME = "$(TARGET_NAME)";
				SWIFT_EMIT_LOC_STRINGS = YES;
				SWIFT_VERSION = 5.0;
				TARGETED_DEVICE_FAMILY = "1,2";
			};
			name = Debug;
		};
		7C366DC028D6FFE600893D04 /* Release */ = {
			isa = XCBuildConfiguration;
			buildSettings = {
				ASSETCATALOG_COMPILER_APPICON_NAME = AppIcon;
				ASSETCATALOG_COMPILER_GLOBAL_ACCENT_COLOR_NAME = AccentColor;
				CODE_SIGN_STYLE = Automatic;
				CURRENT_PROJECT_VERSION = 1;
				DEVELOPMENT_ASSET_PATHS = "\"CryptocurrencyApp/Preview Content\"";
				DEVELOPMENT_TEAM = J7WKHSZ8C5;
				ENABLE_PREVIEWS = YES;
				GENERATE_INFOPLIST_FILE = YES;
				INFOPLIST_KEY_UIApplicationSceneManifest_Generation = YES;
				INFOPLIST_KEY_UIApplicationSupportsIndirectInputEvents = YES;
				INFOPLIST_KEY_UILaunchScreen_Generation = YES;
				INFOPLIST_KEY_UISupportedInterfaceOrientations_iPad = "UIInterfaceOrientationPortrait UIInterfaceOrientationPortraitUpsideDown UIInterfaceOrientationLandscapeLeft UIInterfaceOrientationLandscapeRight";
				INFOPLIST_KEY_UISupportedInterfaceOrientations_iPhone = "UIInterfaceOrientationPortrait UIInterfaceOrientationLandscapeLeft UIInterfaceOrientationLandscapeRight";
				LD_RUNPATH_SEARCH_PATHS = (
					"$(inherited)",
					"@executable_path/Frameworks",
				);
				MARKETING_VERSION = 1.0;
				PRODUCT_BUNDLE_IDENTIFIER = ronan.mak.CryptocurrencyApp;
				PRODUCT_NAME = "$(TARGET_NAME)";
				SWIFT_EMIT_LOC_STRINGS = YES;
				SWIFT_VERSION = 5.0;
				TARGETED_DEVICE_FAMILY = "1,2";
			};
			name = Release;
		};
/* End XCBuildConfiguration section */

/* Begin XCConfigurationList section */
		7C366DAB28D6FFE100893D04 /* Build configuration list for PBXProject "CryptocurrencyApp" */ = {
			isa = XCConfigurationList;
			buildConfigurations = (
				7C366DBC28D6FFE600893D04 /* Debug */,
				7C366DBD28D6FFE600893D04 /* Release */,
			);
			defaultConfigurationIsVisible = 0;
			defaultConfigurationName = Release;
		};
		7C366DBE28D6FFE600893D04 /* Build configuration list for PBXNativeTarget "CryptocurrencyApp" */ = {
			isa = XCConfigurationList;
			buildConfigurations = (
				7C366DBF28D6FFE600893D04 /* Debug */,
				7C366DC028D6FFE600893D04 /* Release */,
			);
			defaultConfigurationIsVisible = 0;
			defaultConfigurationName = Release;
		};
/* End XCConfigurationList section */

/* Begin XCRemoteSwiftPackageReference section */
		7C85C21528D742FC00640FA4 /* XCRemoteSwiftPackageReference "Kingfisher" */ = {
			isa = XCRemoteSwiftPackageReference;
			repositoryURL = "https://github.com/onevcat/Kingfisher.git";
			requirement = {
				branch = master;
				kind = branch;
			};
		};
/* End XCRemoteSwiftPackageReference section */

/* Begin XCSwiftPackageProductDependency section */
		7C85C21628D742FC00640FA4 /* Kingfisher */ = {
			isa = XCSwiftPackageProductDependency;
			package = 7C85C21528D742FC00640FA4 /* XCRemoteSwiftPackageReference "Kingfisher" */;
			productName = Kingfisher;
		};
/* End XCSwiftPackageProductDependency section */
	};
	rootObject = 7C366DA828D6FFE100893D04 /* Project object */;
}
